
Microsoft Visual Studio Solution File, Format Version 12.00
# Visual Studio Version 16
VisualStudioVersion = 16.0.31402.337
MinimumVisualStudioVersion = 10.0.40219.1
Project("{FAE04EC0-301F-11D3-BF4B-00C04F79EFBC}") = "ShopStock", "ShopStock\ShopStock.csproj", "{DE4BB62C-2EC3-4592-BEBF-69CDE5431F18}"
EndProject
Global
	GlobalSection(SolutionConfigurationPlatforms) = preSolution
		Debug|Any CPU = Debug|Any CPU
		Release|Any CPU = Release|Any CPU
	EndGlobalSection
	GlobalSection(ProjectConfigurationPlatforms) = postSolution
		{DE4BB62C-2EC3-4592-BEBF-69CDE5431F18}.Debug|Any CPU.ActiveCfg = Debug|Any CPU
		{DE4BB62C-2EC3-4592-BEBF-69CDE5431F18}.Debug|Any CPU.Build.0 = Debug|Any CPU
		{DE4BB62C-2EC3-4592-BEBF-69CDE5431F18}.Release|Any CPU.ActiveCfg = Release|Any CPU
		{DE4BB62C-2EC3-4592-BEBF-69CDE5431F18}.Release|Any CPU.Build.0 = Release|Any CPU
	EndGlobalSection
	GlobalSection(SolutionProperties) = preSolution
		HideSolutionNode = FALSE
	EndGlobalSection
	GlobalSection(ExtensibilityGlobals) = postSolution
		SolutionGuid = {56912A42-1D5C-4FAE-85D0-AE71704F0799}
	EndGlobalSection
EndGlobal
